
Microsoft Visual Studio Solution File, Format Version 12.00
# Visual Studio 2015
Project("{FAE04EC0-301F-11D3-BF4B-00C04F79EFBC}") = "ChessGame.CSharp", "ChessGame.CSharp.csproj", "{D78E1AA7-DF15-35B7-7ED9-BE79446B0D98}"
EndProject
Project("{FAE04EC0-301F-11D3-BF4B-00C04F79EFBC}") = "ChessGame.CSharp.Editor", "ChessGame.CSharp.Editor.csproj", "{32EFEAE6-A507-AF47-FA58-F0657460AF3F}"
EndProject
Global
	GlobalSection(SolutionConfigurationPlatforms) = preSolution
		Debug|Any CPU = Debug|Any CPU
		Release|Any CPU = Release|Any CPU
	EndGlobalSection
	GlobalSection(ProjectConfigurationPlatforms) = postSolution
		{D78E1AA7-DF15-35B7-7ED9-BE79446B0D98}.Debug|Any CPU.ActiveCfg = Debug|Any CPU
		{D78E1AA7-DF15-35B7-7ED9-BE79446B0D98}.Debug|Any CPU.Build.0 = Debug|Any CPU
		{D78E1AA7-DF15-35B7-7ED9-BE79446B0D98}.Release|Any CPU.ActiveCfg = Release|Any CPU
		{D78E1AA7-DF15-35B7-7ED9-BE79446B0D98}.Release|Any CPU.Build.0 = Release|Any CPU
		{32EFEAE6-A507-AF47-FA58-F0657460AF3F}.Debug|Any CPU.ActiveCfg = Debug|Any CPU
		{32EFEAE6-A507-AF47-FA58-F0657460AF3F}.Debug|Any CPU.Build.0 = Debug|Any CPU
		{32EFEAE6-A507-AF47-FA58-F0657460AF3F}.Release|Any CPU.ActiveCfg = Release|Any CPU
		{32EFEAE6-A507-AF47-FA58-F0657460AF3F}.Release|Any CPU.Build.0 = Release|Any CPU
	EndGlobalSection
	GlobalSection(SolutionProperties) = preSolution
		HideSolutionNode = FALSE
	EndGlobalSection
EndGlobal
